
Microsoft Visual Studio Solution File, Format Version 12.00
# Visual Studio Version 16
VisualStudioVersion = 16.0.29215.179
MinimumVisualStudioVersion = 10.0.40219.1
Project("{FAE04EC0-301F-11D3-BF4B-00C04F79EFBC}") = "EurasianTest", "EurasianTest\EurasianTest.csproj", "{4D1980B9-982A-4551-AF10-5C65225E016A}"
EndProject
Project("{FAE04EC0-301F-11D3-BF4B-00C04F79EFBC}") = "EurasianTest.DAL", "EurasianTest.DAL\EurasianTest.DAL.csproj", "{A1979B2C-0508-4850-994C-B18FF0F5D7E5}"
EndProject
Global
	GlobalSection(SolutionConfigurationPlatforms) = preSolution
		Debug|Any CPU = Debug|Any CPU
		Release|Any CPU = Release|Any CPU
	EndGlobalSection
	GlobalSection(ProjectConfigurationPlatforms) = postSolution
		{4D1980B9-982A-4551-AF10-5C65225E016A}.Debug|Any CPU.ActiveCfg = Debug|Any CPU
		{4D1980B9-982A-4551-AF10-5C65225E016A}.Debug|Any CPU.Build.0 = Debug|Any CPU
		{4D1980B9-982A-4551-AF10-5C65225E016A}.Release|Any CPU.ActiveCfg = Release|Any CPU
		{4D1980B9-982A-4551-AF10-5C65225E016A}.Release|Any CPU.Build.0 = Release|Any CPU
		{A1979B2C-0508-4850-994C-B18FF0F5D7E5}.Debug|Any CPU.ActiveCfg = Debug|Any CPU
		{A1979B2C-0508-4850-994C-B18FF0F5D7E5}.Debug|Any CPU.Build.0 = Debug|Any CPU
		{A1979B2C-0508-4850-994C-B18FF0F5D7E5}.Release|Any CPU.ActiveCfg = Release|Any CPU
		{A1979B2C-0508-4850-994C-B18FF0F5D7E5}.Release|Any CPU.Build.0 = Release|Any CPU
	EndGlobalSection
	GlobalSection(SolutionProperties) = preSolution
		HideSolutionNode = FALSE
	EndGlobalSection
	GlobalSection(ExtensibilityGlobals) = postSolution
		SolutionGuid = {5B4B0412-9E6D-48B0-BD05-971B2A79DCD0}
	EndGlobalSection
EndGlobal
